
Microsoft Visual Studio Solution File, Format Version 12.00
# Visual Studio Version 17
VisualStudioVersion = 17.14.36121.58
MinimumVisualStudioVersion = 10.0.40219.1
Project("{FAE04EC0-301F-11D3-BF4B-00C04F79EFBC}") = "ProductCatalogAppSii", "ProductCatalogAppSii.csproj", "{06F6C335-CAFF-42A4-9917-9AE1CF483F9F}"
EndProject
Project("{FAE04EC0-301F-11D3-BF4B-00C04F79EFBC}") = "ProductCatalogAppSii.Tests", "ProductCatalogApp.Tests\ProductCatalogAppSii.Tests.csproj", "{6693CE6A-B085-4582-BA54-DA9852AF8278}"
EndProject
Global
	GlobalSection(SolutionConfigurationPlatforms) = preSolution
		Debug|Any CPU = Debug|Any CPU
		Debug|x64 = Debug|x64
		Debug|x86 = Debug|x86
		Release|Any CPU = Release|Any CPU
		Release|x64 = Release|x64
		Release|x86 = Release|x86
	EndGlobalSection
	GlobalSection(ProjectConfigurationPlatforms) = postSolution
		{06F6C335-CAFF-42A4-9917-9AE1CF483F9F}.Debug|Any CPU.ActiveCfg = Debug|Any CPU
		{06F6C335-CAFF-42A4-9917-9AE1CF483F9F}.Debug|Any CPU.Build.0 = Debug|Any CPU
		{06F6C335-CAFF-42A4-9917-9AE1CF483F9F}.Debug|x64.ActiveCfg = Debug|Any CPU
		{06F6C335-CAFF-42A4-9917-9AE1CF483F9F}.Debug|x64.Build.0 = Debug|Any CPU
		{06F6C335-CAFF-42A4-9917-9AE1CF483F9F}.Debug|x86.ActiveCfg = Debug|Any CPU
		{06F6C335-CAFF-42A4-9917-9AE1CF483F9F}.Debug|x86.Build.0 = Debug|Any CPU
		{06F6C335-CAFF-42A4-9917-9AE1CF483F9F}.Release|Any CPU.ActiveCfg = Release|Any CPU
		{06F6C335-CAFF-42A4-9917-9AE1CF483F9F}.Release|Any CPU.Build.0 = Release|Any CPU
		{06F6C335-CAFF-42A4-9917-9AE1CF483F9F}.Release|x64.ActiveCfg = Release|Any CPU
		{06F6C335-CAFF-42A4-9917-9AE1CF483F9F}.Release|x64.Build.0 = Release|Any CPU
		{06F6C335-CAFF-42A4-9917-9AE1CF483F9F}.Release|x86.ActiveCfg = Release|Any CPU
		{06F6C335-CAFF-42A4-9917-9AE1CF483F9F}.Release|x86.Build.0 = Release|Any CPU
		{6693CE6A-B085-4582-BA54-DA9852AF8278}.Debug|Any CPU.ActiveCfg = Debug|Any CPU
		{6693CE6A-B085-4582-BA54-DA9852AF8278}.Debug|Any CPU.Build.0 = Debug|Any CPU
		{6693CE6A-B085-4582-BA54-DA9852AF8278}.Debug|x64.ActiveCfg = Debug|Any CPU
		{6693CE6A-B085-4582-BA54-DA9852AF8278}.Debug|x64.Build.0 = Debug|Any CPU
		{6693CE6A-B085-4582-BA54-DA9852AF8278}.Debug|x86.ActiveCfg = Debug|Any CPU
		{6693CE6A-B085-4582-BA54-DA9852AF8278}.Debug|x86.Build.0 = Debug|Any CPU
		{6693CE6A-B085-4582-BA54-DA9852AF8278}.Release|Any CPU.ActiveCfg = Release|Any CPU
		{6693CE6A-B085-4582-BA54-DA9852AF8278}.Release|Any CPU.Build.0 = Release|Any CPU
		{6693CE6A-B085-4582-BA54-DA9852AF8278}.Release|x64.ActiveCfg = Release|Any CPU
		{6693CE6A-B085-4582-BA54-DA9852AF8278}.Release|x64.Build.0 = Release|Any CPU
		{6693CE6A-B085-4582-BA54-DA9852AF8278}.Release|x86.ActiveCfg = Release|Any CPU
		{6693CE6A-B085-4582-BA54-DA9852AF8278}.Release|x86.Build.0 = Release|Any CPU
	EndGlobalSection
	GlobalSection(SolutionProperties) = preSolution
		HideSolutionNode = FALSE
	EndGlobalSection
	GlobalSection(ExtensibilityGlobals) = postSolution
		SolutionGuid = {3BAD845B-2FF2-4353-A0BA-5B09542952DF}
	EndGlobalSection
EndGlobal
